
Microsoft Visual Studio Solution File, Format Version 12.00
# Visual Studio Version 17
VisualStudioVersion = 17.9.34728.123
MinimumVisualStudioVersion = 10.0.40219.1
Project("{FAE04EC0-301F-11D3-BF4B-00C04F79EFBC}") = "Register-Form-Project", "Register-Form-Project\Register-Form-Project.csproj", "{14CAF6F0-639C-4098-9929-6B426CD8FD0E}"
EndProject
Global
	GlobalSection(SolutionConfigurationPlatforms) = preSolution
		Debug|Any CPU = Debug|Any CPU
		Release|Any CPU = Release|Any CPU
	EndGlobalSection
	GlobalSection(ProjectConfigurationPlatforms) = postSolution
		{14CAF6F0-639C-4098-9929-6B426CD8FD0E}.Debug|Any CPU.ActiveCfg = Debug|Any CPU
		{14CAF6F0-639C-4098-9929-6B426CD8FD0E}.Debug|Any CPU.Build.0 = Debug|Any CPU
		{14CAF6F0-639C-4098-9929-6B426CD8FD0E}.Release|Any CPU.ActiveCfg = Release|Any CPU
		{14CAF6F0-639C-4098-9929-6B426CD8FD0E}.Release|Any CPU.Build.0 = Release|Any CPU
	EndGlobalSection
	GlobalSection(SolutionProperties) = preSolution
		HideSolutionNode = FALSE
	EndGlobalSection
	GlobalSection(ExtensibilityGlobals) = postSolution
		SolutionGuid = {77046867-E7C8-4E43-B1E4-907093B64C8B}
	EndGlobalSection
EndGlobal
